
Microsoft Visual Studio Solution File, Format Version 12.00
# Visual Studio Version 17
VisualStudioVersion = 17.14.36301.6 d17.14
MinimumVisualStudioVersion = 10.0.40219.1
Project("{FAE04EC0-301F-11D3-BF4B-00C04F79EFBC}") = "MangaNameReorder", "MangaNameReorder\MangaNameReorder.csproj", "{6CDC6118-365C-44EF-A93E-2C9CE2D2CEDE}"
EndProject
Global
	GlobalSection(SolutionConfigurationPlatforms) = preSolution
		Debug|Any CPU = Debug|Any CPU
		Debug|x64 = Debug|x64
		Release|Any CPU = Release|Any CPU
		Release|x64 = Release|x64
	EndGlobalSection
	GlobalSection(ProjectConfigurationPlatforms) = postSolution
		{6CDC6118-365C-44EF-A93E-2C9CE2D2CEDE}.Debug|Any CPU.ActiveCfg = Debug|Any CPU
		{6CDC6118-365C-44EF-A93E-2C9CE2D2CEDE}.Debug|Any CPU.Build.0 = Debug|Any CPU
		{6CDC6118-365C-44EF-A93E-2C9CE2D2CEDE}.Debug|x64.ActiveCfg = Debug|x64
		{6CDC6118-365C-44EF-A93E-2C9CE2D2CEDE}.Debug|x64.Build.0 = Debug|x64
		{6CDC6118-365C-44EF-A93E-2C9CE2D2CEDE}.Release|Any CPU.ActiveCfg = Release|Any CPU
		{6CDC6118-365C-44EF-A93E-2C9CE2D2CEDE}.Release|Any CPU.Build.0 = Release|Any CPU
		{6CDC6118-365C-44EF-A93E-2C9CE2D2CEDE}.Release|x64.ActiveCfg = Release|x64
		{6CDC6118-365C-44EF-A93E-2C9CE2D2CEDE}.Release|x64.Build.0 = Release|x64
	EndGlobalSection
	GlobalSection(SolutionProperties) = preSolution
		HideSolutionNode = FALSE
	EndGlobalSection
	GlobalSection(ExtensibilityGlobals) = postSolution
		SolutionGuid = {583AFA3E-CC02-4F6B-891C-303E5A05ED42}
	EndGlobalSection
EndGlobal
